Microsoft Visual Studio Solution File, Format Version 12.00
# Visual Studio Version 17
VisualStudioVersion = 17.5.2.0
MinimumVisualStudioVersion = 10.0.40219.1
Project("{FAE04EC0-301F-11D3-BF4B-00C04F79EFBC}") = "Completeapi.CsharpModel.Domain", "Completeapi.CsharpModel.Domain.csproj", "{ECD5D79F-EA44-B0A9-1070-282D5BC0087A}"
EndProject
Global
	GlobalSection(SolutionConfigurationPlatforms) = preSolution
		Debug|Any CPU = Debug|Any CPU
		Release|Any CPU = Release|Any CPU
	EndGlobalSection
	GlobalSection(ProjectConfigurationPlatforms) = postSolution
		{ECD5D79F-EA44-B0A9-1070-282D5BC0087A}.Debug|Any CPU.ActiveCfg = Debug|Any CPU
		{ECD5D79F-EA44-B0A9-1070-282D5BC0087A}.Debug|Any CPU.Build.0 = Debug|Any CPU
		{ECD5D79F-EA44-B0A9-1070-282D5BC0087A}.Release|Any CPU.ActiveCfg = Release|Any CPU
		{ECD5D79F-EA44-B0A9-1070-282D5BC0087A}.Release|Any CPU.Build.0 = Release|Any CPU
	EndGlobalSection
	GlobalSection(SolutionProperties) = preSolution
		HideSolutionNode = FALSE
	EndGlobalSection
	GlobalSection(ExtensibilityGlobals) = postSolution
		SolutionGuid = {696B4DEB-DED6-442B-ADB5-842325B002DC}
	EndGlobalSection
EndGlobal
